
Microsoft Visual Studio Solution File, Format Version 12.00
# Visual Studio Version 16
VisualStudioVersion = 16.0.30717.126
MinimumVisualStudioVersion = 10.0.40219.1
Project("{FAE04EC0-301F-11D3-BF4B-00C04F79EFBC}") = "Mengassini.EF.UI", "Mengassini.EF.UI\Mengassini.EF.UI.csproj", "{F84C77A9-EE4E-450C-A8D2-F70A8D75B3E9}"
EndProject
Project("{FAE04EC0-301F-11D3-BF4B-00C04F79EFBC}") = "Mengassini.EF.Logic", "Mengassini.EF.Logic\Mengassini.EF.Logic.csproj", "{EED34BBB-C423-49A2-9107-9BF55BEDEE03}"
EndProject
Project("{FAE04EC0-301F-11D3-BF4B-00C04F79EFBC}") = "Mengassini.EF.Entities", "Mengassini.EF.Entities\Mengassini.EF.Entities.csproj", "{1B55E75B-C8DC-4F5F-BF8D-69956A0923BB}"
EndProject
Project("{FAE04EC0-301F-11D3-BF4B-00C04F79EFBC}") = "Mengassini.EF.Data", "Mengassini.EF.Data\Mengassini.EF.Data.csproj", "{C52984C0-6755-4AF2-8BFC-461B8481C2B8}"
EndProject
Project("{FAE04EC0-301F-11D3-BF4B-00C04F79EFBC}") = "Mengassini.MVC", "Mengassini.MVC\Mengassini.MVC.csproj", "{77398108-9949-47A5-B542-35F6EAEBDA53}"
EndProject
Global
	GlobalSection(SolutionConfigurationPlatforms) = preSolution
		Debug|Any CPU = Debug|Any CPU
		Release|Any CPU = Release|Any CPU
	EndGlobalSection
	GlobalSection(ProjectConfigurationPlatforms) = postSolution
		{F84C77A9-EE4E-450C-A8D2-F70A8D75B3E9}.Debug|Any CPU.ActiveCfg = Debug|Any CPU
		{F84C77A9-EE4E-450C-A8D2-F70A8D75B3E9}.Debug|Any CPU.Build.0 = Debug|Any CPU
		{F84C77A9-EE4E-450C-A8D2-F70A8D75B3E9}.Release|Any CPU.ActiveCfg = Release|Any CPU
		{F84C77A9-EE4E-450C-A8D2-F70A8D75B3E9}.Release|Any CPU.Build.0 = Release|Any CPU
		{EED34BBB-C423-49A2-9107-9BF55BEDEE03}.Debug|Any CPU.ActiveCfg = Debug|Any CPU
		{EED34BBB-C423-49A2-9107-9BF55BEDEE03}.Debug|Any CPU.Build.0 = Debug|Any CPU
		{EED34BBB-C423-49A2-9107-9BF55BEDEE03}.Release|Any CPU.ActiveCfg = Release|Any CPU
		{EED34BBB-C423-49A2-9107-9BF55BEDEE03}.Release|Any CPU.Build.0 = Release|Any CPU
		{1B55E75B-C8DC-4F5F-BF8D-69956A0923BB}.Debug|Any CPU.ActiveCfg = Debug|Any CPU
		{1B55E75B-C8DC-4F5F-BF8D-69956A0923BB}.Debug|Any CPU.Build.0 = Debug|Any CPU
		{1B55E75B-C8DC-4F5F-BF8D-69956A0923BB}.Release|Any CPU.ActiveCfg = Release|Any CPU
		{1B55E75B-C8DC-4F5F-BF8D-69956A0923BB}.Release|Any CPU.Build.0 = Release|Any CPU
		{C52984C0-6755-4AF2-8BFC-461B8481C2B8}.Debug|Any CPU.ActiveCfg = Debug|Any CPU
		{C52984C0-6755-4AF2-8BFC-461B8481C2B8}.Debug|Any CPU.Build.0 = Debug|Any CPU
		{C52984C0-6755-4AF2-8BFC-461B8481C2B8}.Release|Any CPU.ActiveCfg = Release|Any CPU
		{C52984C0-6755-4AF2-8BFC-461B8481C2B8}.Release|Any CPU.Build.0 = Release|Any CPU
		{77398108-9949-47A5-B542-35F6EAEBDA53}.Debug|Any CPU.ActiveCfg = Debug|Any CPU
		{77398108-9949-47A5-B542-35F6EAEBDA53}.Debug|Any CPU.Build.0 = Debug|Any CPU
		{77398108-9949-47A5-B542-35F6EAEBDA53}.Release|Any CPU.ActiveCfg = Release|Any CPU
		{77398108-9949-47A5-B542-35F6EAEBDA53}.Release|Any CPU.Build.0 = Release|Any CPU
	EndGlobalSection
	GlobalSection(SolutionProperties) = preSolution
		HideSolutionNode = FALSE
	EndGlobalSection
	GlobalSection(ExtensibilityGlobals) = postSolution
		SolutionGuid = {597C5601-F1E3-471D-ACB8-FED15CFF6FE3}
	EndGlobalSection
EndGlobal
